
Microsoft Visual Studio Solution File, Format Version 12.00
# Visual Studio Version 17
VisualStudioVersion = 17.9.34723.18
MinimumVisualStudioVersion = 10.0.40219.1
Project("{FAE04EC0-301F-11D3-BF4B-00C04F79EFBC}") = "EFCoreRelationships", "EFCoreRelationships\EFCoreRelationships.csproj", "{607BC4C7-D969-4FB3-8936-12462AD7FDE9}"
EndProject
Global
	GlobalSection(SolutionConfigurationPlatforms) = preSolution
		Debug|Any CPU = Debug|Any CPU
		Release|Any CPU = Release|Any CPU
	EndGlobalSection
	GlobalSection(ProjectConfigurationPlatforms) = postSolution
		{607BC4C7-D969-4FB3-8936-12462AD7FDE9}.Debug|Any CPU.ActiveCfg = Debug|Any CPU
		{607BC4C7-D969-4FB3-8936-12462AD7FDE9}.Debug|Any CPU.Build.0 = Debug|Any CPU
		{607BC4C7-D969-4FB3-8936-12462AD7FDE9}.Release|Any CPU.ActiveCfg = Release|Any CPU
		{607BC4C7-D969-4FB3-8936-12462AD7FDE9}.Release|Any CPU.Build.0 = Release|Any CPU
	EndGlobalSection
	GlobalSection(SolutionProperties) = preSolution
		HideSolutionNode = FALSE
	EndGlobalSection
	GlobalSection(ExtensibilityGlobals) = postSolution
		SolutionGuid = {5E50A7E8-63AF-48E4-AE36-ECBD9AC15237}
	EndGlobalSection
EndGlobal
